
Microsoft Visual Studio Solution File, Format Version 12.00
# Visual Studio 2012
Project("{FAE04EC0-301F-11D3-BF4B-00C04F79EFBC}") = "connectToGoServer", "connectToGoServer\connectToGoServer.csproj", "{F64214D4-A20B-4FDA-B5A1-D12CC37C45BE}"
EndProject
Global
	GlobalSection(SolutionConfigurationPlatforms) = preSolution
		Debug|Any CPU = Debug|Any CPU
		Release|Any CPU = Release|Any CPU
	EndGlobalSection
	GlobalSection(ProjectConfigurationPlatforms) = postSolution
		{F64214D4-A20B-4FDA-B5A1-D12CC37C45BE}.Debug|Any CPU.ActiveCfg = Debug|Any CPU
		{F64214D4-A20B-4FDA-B5A1-D12CC37C45BE}.Debug|Any CPU.Build.0 = Debug|Any CPU
		{F64214D4-A20B-4FDA-B5A1-D12CC37C45BE}.Release|Any CPU.ActiveCfg = Release|Any CPU
		{F64214D4-A20B-4FDA-B5A1-D12CC37C45BE}.Release|Any CPU.Build.0 = Release|Any CPU
	EndGlobalSection
	GlobalSection(SolutionProperties) = preSolution
		HideSolutionNode = FALSE
	EndGlobalSection
EndGlobal
